
Microsoft Visual Studio Solution File, Format Version 12.00
# Visual Studio Version 16
VisualStudioVersion = 16.0.32126.315
MinimumVisualStudioVersion = 10.0.40219.1
Project("{FAE04EC0-301F-11D3-BF4B-00C04F79EFBC}") = "LeetCodeTasks", "LeetCodeTasks\LeetCodeTasks.csproj", "{AC5B6E8B-6982-4F27-BEA7-9F289309E277}"
EndProject
Global
	GlobalSection(SolutionConfigurationPlatforms) = preSolution
		Debug|Any CPU = Debug|Any CPU
		Release|Any CPU = Release|Any CPU
	EndGlobalSection
	GlobalSection(ProjectConfigurationPlatforms) = postSolution
		{AC5B6E8B-6982-4F27-BEA7-9F289309E277}.Debug|Any CPU.ActiveCfg = Debug|Any CPU
		{AC5B6E8B-6982-4F27-BEA7-9F289309E277}.Debug|Any CPU.Build.0 = Debug|Any CPU
		{AC5B6E8B-6982-4F27-BEA7-9F289309E277}.Release|Any CPU.ActiveCfg = Release|Any CPU
		{AC5B6E8B-6982-4F27-BEA7-9F289309E277}.Release|Any CPU.Build.0 = Release|Any CPU
	EndGlobalSection
	GlobalSection(SolutionProperties) = preSolution
		HideSolutionNode = FALSE
	EndGlobalSection
	GlobalSection(ExtensibilityGlobals) = postSolution
		SolutionGuid = {46947A85-31BB-48FB-B81D-B07E83E22CCD}
	EndGlobalSection
EndGlobal
